
Microsoft Visual Studio Solution File, Format Version 12.00
# Visual Studio 2013
VisualStudioVersion = 12.0.21005.1
MinimumVisualStudioVersion = 10.0.40219.1
Project("{9092AA53-FB77-4645-B42D-1CCCA6BD08BD}") = "websocket", "websocket\websocket.njsproj", "{7D7D3F12-215B-4DB6-AB18-4AF73AB0F80F}"
EndProject
Global
	GlobalSection(SolutionConfigurationPlatforms) = preSolution
		Debug|Any CPU = Debug|Any CPU
		Release|Any CPU = Release|Any CPU
	EndGlobalSection
	GlobalSection(ProjectConfigurationPlatforms) = postSolution
		{7D7D3F12-215B-4DB6-AB18-4AF73AB0F80F}.Debug|Any CPU.ActiveCfg = Debug|Any CPU
		{7D7D3F12-215B-4DB6-AB18-4AF73AB0F80F}.Debug|Any CPU.Build.0 = Debug|Any CPU
		{7D7D3F12-215B-4DB6-AB18-4AF73AB0F80F}.Release|Any CPU.ActiveCfg = Release|Any CPU
		{7D7D3F12-215B-4DB6-AB18-4AF73AB0F80F}.Release|Any CPU.Build.0 = Release|Any CPU
	EndGlobalSection
	GlobalSection(SolutionProperties) = preSolution
		HideSolutionNode = FALSE
	EndGlobalSection
EndGlobal
